
Microsoft Visual Studio Solution File, Format Version 12.00
# Visual Studio 15
VisualStudioVersion = 15.0.27004.2002
MinimumVisualStudioVersion = 10.0.40219.1
Project("{FAE04EC0-301F-11D3-BF4B-00C04F79EFBC}") = "Sorting", "ArraySorting\Sorting.csproj", "{3C563FAB-6B80-4F5C-B80C-1F3AF8CC1E45}"
EndProject
Project("{FAE04EC0-301F-11D3-BF4B-00C04F79EFBC}") = "ConsoleUI", "ConsoleUI\ConsoleUI.csproj", "{64C5F0CE-3658-4046-B117-7DA33B833492}"
EndProject
Global
	GlobalSection(SolutionConfigurationPlatforms) = preSolution
		Debug|Any CPU = Debug|Any CPU
		Release|Any CPU = Release|Any CPU
	EndGlobalSection
	GlobalSection(ProjectConfigurationPlatforms) = postSolution
		{3C563FAB-6B80-4F5C-B80C-1F3AF8CC1E45}.Debug|Any CPU.ActiveCfg = Debug|Any CPU
		{3C563FAB-6B80-4F5C-B80C-1F3AF8CC1E45}.Debug|Any CPU.Build.0 = Debug|Any CPU
		{3C563FAB-6B80-4F5C-B80C-1F3AF8CC1E45}.Release|Any CPU.ActiveCfg = Release|Any CPU
		{3C563FAB-6B80-4F5C-B80C-1F3AF8CC1E45}.Release|Any CPU.Build.0 = Release|Any CPU
		{64C5F0CE-3658-4046-B117-7DA33B833492}.Debug|Any CPU.ActiveCfg = Debug|Any CPU
		{64C5F0CE-3658-4046-B117-7DA33B833492}.Debug|Any CPU.Build.0 = Debug|Any CPU
		{64C5F0CE-3658-4046-B117-7DA33B833492}.Release|Any CPU.ActiveCfg = Release|Any CPU
		{64C5F0CE-3658-4046-B117-7DA33B833492}.Release|Any CPU.Build.0 = Release|Any CPU
	EndGlobalSection
	GlobalSection(SolutionProperties) = preSolution
		HideSolutionNode = FALSE
	EndGlobalSection
	GlobalSection(ExtensibilityGlobals) = postSolution
		SolutionGuid = {AC1AC66D-DBDB-4A0D-9316-B25CECCEE466}
	EndGlobalSection
EndGlobal
